
Microsoft Visual Studio Solution File, Format Version 12.00
# Visual Studio Version 16
VisualStudioVersion = 16.0.29102.190
MinimumVisualStudioVersion = 10.0.40219.1
Project("{9A19103F-16F7-4668-BE54-9A1E7A4F7556}") = "TestP", "TestP\TestP.csproj", "{5EC9ADEF-76A9-4F51-BC87-3C2AF5DB11CD}"
EndProject
Project("{9A19103F-16F7-4668-BE54-9A1E7A4F7556}") = "TestP.Lib", "TestP.Lib\TestP.Lib.csproj", "{7F284332-C3A4-4F46-9C0A-5791C0A1F62E}"
EndProject
Project("{9A19103F-16F7-4668-BE54-9A1E7A4F7556}") = "TestP.Lib.Test", "TestP.Lib.Test\TestP.Lib.Test.csproj", "{51B7EA48-E316-412C-AB94-61188D9D4629}"
EndProject
Project("{9A19103F-16F7-4668-BE54-9A1E7A4F7556}") = "TestP.Ai", "TestP.Ai\TestP.Ai.csproj", "{34262C97-E32C-4F03-AE52-EDE35BB858B0}"
EndProject
Project("{9A19103F-16F7-4668-BE54-9A1E7A4F7556}") = "TestP.Ocr", "TestP.Ocr\TestP.Ocr.csproj", "{D96BFA1B-9E29-4053-B3E3-2FA22039D3E6}"
EndProject
Project("{9A19103F-16F7-4668-BE54-9A1E7A4F7556}") = "TestP.Wpf", "TestP.Wpf\TestP.Wpf.csproj", "{85F04370-8981-4619-9DA1-7FBC329CA2CB}"
EndProject
Project("{9A19103F-16F7-4668-BE54-9A1E7A4F7556}") = "TestP.Wpf.PlayGame", "TestP.Wpf.PlayGame\TestP.Wpf.PlayGame.csproj", "{640B3390-A56B-4FF9-B499-A51F3C7779AE}"
EndProject
Global
	GlobalSection(SolutionConfigurationPlatforms) = preSolution
		Debug|Any CPU = Debug|Any CPU
		Release|Any CPU = Release|Any CPU
	EndGlobalSection
	GlobalSection(ProjectConfigurationPlatforms) = postSolution
		{5EC9ADEF-76A9-4F51-BC87-3C2AF5DB11CD}.Debug|Any CPU.ActiveCfg = Debug|Any CPU
		{5EC9ADEF-76A9-4F51-BC87-3C2AF5DB11CD}.Debug|Any CPU.Build.0 = Debug|Any CPU
		{5EC9ADEF-76A9-4F51-BC87-3C2AF5DB11CD}.Release|Any CPU.ActiveCfg = Release|Any CPU
		{5EC9ADEF-76A9-4F51-BC87-3C2AF5DB11CD}.Release|Any CPU.Build.0 = Release|Any CPU
		{7F284332-C3A4-4F46-9C0A-5791C0A1F62E}.Debug|Any CPU.ActiveCfg = Debug|Any CPU
		{7F284332-C3A4-4F46-9C0A-5791C0A1F62E}.Debug|Any CPU.Build.0 = Debug|Any CPU
		{7F284332-C3A4-4F46-9C0A-5791C0A1F62E}.Release|Any CPU.ActiveCfg = Release|Any CPU
		{7F284332-C3A4-4F46-9C0A-5791C0A1F62E}.Release|Any CPU.Build.0 = Release|Any CPU
		{51B7EA48-E316-412C-AB94-61188D9D4629}.Debug|Any CPU.ActiveCfg = Debug|Any CPU
		{51B7EA48-E316-412C-AB94-61188D9D4629}.Debug|Any CPU.Build.0 = Debug|Any CPU
		{51B7EA48-E316-412C-AB94-61188D9D4629}.Release|Any CPU.ActiveCfg = Release|Any CPU
		{51B7EA48-E316-412C-AB94-61188D9D4629}.Release|Any CPU.Build.0 = Release|Any CPU
		{34262C97-E32C-4F03-AE52-EDE35BB858B0}.Debug|Any CPU.ActiveCfg = Debug|Any CPU
		{34262C97-E32C-4F03-AE52-EDE35BB858B0}.Debug|Any CPU.Build.0 = Debug|Any CPU
		{34262C97-E32C-4F03-AE52-EDE35BB858B0}.Release|Any CPU.ActiveCfg = Release|Any CPU
		{34262C97-E32C-4F03-AE52-EDE35BB858B0}.Release|Any CPU.Build.0 = Release|Any CPU
		{D96BFA1B-9E29-4053-B3E3-2FA22039D3E6}.Debug|Any CPU.ActiveCfg = Debug|Any CPU
		{D96BFA1B-9E29-4053-B3E3-2FA22039D3E6}.Debug|Any CPU.Build.0 = Debug|Any CPU
		{D96BFA1B-9E29-4053-B3E3-2FA22039D3E6}.Release|Any CPU.ActiveCfg = Release|Any CPU
		{D96BFA1B-9E29-4053-B3E3-2FA22039D3E6}.Release|Any CPU.Build.0 = Release|Any CPU
		{85F04370-8981-4619-9DA1-7FBC329CA2CB}.Debug|Any CPU.ActiveCfg = Debug|Any CPU
		{85F04370-8981-4619-9DA1-7FBC329CA2CB}.Debug|Any CPU.Build.0 = Debug|Any CPU
		{85F04370-8981-4619-9DA1-7FBC329CA2CB}.Release|Any CPU.ActiveCfg = Release|Any CPU
		{85F04370-8981-4619-9DA1-7FBC329CA2CB}.Release|Any CPU.Build.0 = Release|Any CPU
		{640B3390-A56B-4FF9-B499-A51F3C7779AE}.Debug|Any CPU.ActiveCfg = Debug|Any CPU
		{640B3390-A56B-4FF9-B499-A51F3C7779AE}.Debug|Any CPU.Build.0 = Debug|Any CPU
		{640B3390-A56B-4FF9-B499-A51F3C7779AE}.Release|Any CPU.ActiveCfg = Release|Any CPU
		{640B3390-A56B-4FF9-B499-A51F3C7779AE}.Release|Any CPU.Build.0 = Release|Any CPU
	EndGlobalSection
	GlobalSection(SolutionProperties) = preSolution
		HideSolutionNode = FALSE
	EndGlobalSection
	GlobalSection(ExtensibilityGlobals) = postSolution
		SolutionGuid = {A71842F8-1B15-4F7C-8B82-7C2F017C02E7}
	EndGlobalSection
EndGlobal
